PODS:
  - ARKitEnvironmentMapper (0.3.0):
    - Vivid
  - Vivid (0.9)

DEPENDENCIES:
  - ARKitEnvironmentMapper (from `../`)

EXTERNAL SOURCES:
  ARKitEnvironmentMapper:
    :path: ../

SPEC CHECKSUMS:
  ARKitEnvironmentMapper: 09d668f152dec672b11a5aa1c7a357d60abbbd22
  Vivid: 0fde7409beac71224deb151dd78f98a5bb860497

PODFILE CHECKSUM: dcb4c95a72ab1b5c809cc4e9533e83dc4071dc6b

COCOAPODS: 1.3.1
